<?xml version="1.0" encoding="utf-8"?>
<Project ToolsVersion="4.0" xmlns="http://schemas.microsoft.com/developer/msbuild/2003">
  <ItemGroup>
    <Filter Include="Source Files">
      <UniqueIdentifier>{4FC737F1-C7A5-4376-A066-2A32D752A2FF}</UniqueIdentifier>
      <Extensions>cpp;c;cc;cxx;def;odl;idl;hpj;bat;asm;asmx</Extensions>
    </Filter>
    <Filter Include="Header Files">
      <UniqueIdentifier>{93995380-89BD-4b04-88EB-625FBE52EBFB}</UniqueIdentifier>
      <Extensions>h;hh;hpp;hxx;hm;inl;inc;xsd</Extensions>
    </Filter>
    <Filter Include="Resource Files">
      <UniqueIdentifier>{67DA6AB6-F800-4c08-8B7A-83BB121AAD01}</UniqueIdentifier>
      <Extensions>rc;ico;cur;bmp;dlg;rc2;rct;bin;rgs;gif;jpg;jpeg;jpe;resx;tiff;tif;png;wav;mfcribbon-ms</Extensions>
    </Filter>
  </ItemGroup>
  <ItemGroup>
    <None Include="Modern.g" />
    <None Include="output\Modern.tokens" />
    <None Include="test.modern" />
    <None Include="main.cc.old">
      <Filter>Source Files</Filter>
    </None>
  </ItemGroup>
  <ItemGroup>
    <ClCompile Include="output\ModernLexer.c">
      <Filter>Source Files</Filter>
    </ClCompile>
    <ClCompile Include="output\ModernParser.c">
      <Filter>Source Files</Filter>
    </ClCompile>
    <ClCompile Include="ASTGenerator.cc">
      <Filter>Source Files</Filter>
    </ClCompile>
    <ClCompile Include="Node.cc">
      <Filter>Source Files</Filter>
    </ClCompile>
    <ClCompile Include="ParseException.cc">
      <Filter>Source Files</Filter>
    </ClCompile>
    <ClCompile Include="FunctionNode.cc">
      <Filter>Source Files</Filter>
    </ClCompile>
    <ClCompile Include="VariableDeclarationNode.cc">
      <Filter>Source Files</Filter>
    </ClCompile>
    <ClCompile Include="main.cc">
      <Filter>Source Files</Filter>
    </ClCompile>
    <ClCompile Include="ExpressionNode.cc">
      <Filter>Source Files</Filter>
    </ClCompile>
    <ClCompile Include="IdentifierNode.cc">
      <Filter>Source Files</Filter>
    </ClCompile>
  </ItemGroup>
  <ItemGroup>
    <ClInclude Include="output\ModernLexer.h">
      <Filter>Header Files</Filter>
    </ClInclude>
    <ClInclude Include="output\ModernParser.h">
      <Filter>Header Files</Filter>
    </ClInclude>
    <ClInclude Include="ASTGenerator.h">
      <Filter>Header Files</Filter>
    </ClInclude>
    <ClInclude Include="Node.h">
      <Filter>Header Files</Filter>
    </ClInclude>
    <ClInclude Include="ParseException.h">
      <Filter>Header Files</Filter>
    </ClInclude>
    <ClInclude Include="FunctionNode.h">
      <Filter>Header Files</Filter>
    </ClInclude>
    <ClInclude Include="VariableDeclarationNode.h">
      <Filter>Header Files</Filter>
    </ClInclude>
    <ClInclude Include="Reference.h">
      <Filter>Header Files</Filter>
    </ClInclude>
    <ClInclude Include="ExpressionNode.h">
      <Filter>Header Files</Filter>
    </ClInclude>
    <ClInclude Include="LiteralNode.h">
      <Filter>Header Files</Filter>
    </ClInclude>
    <ClInclude Include="IdentifierNode.h">
      <Filter>Header Files</Filter>
    </ClInclude>
    <ClInclude Include="AssignmentNode.h">
      <Filter>Header Files</Filter>
    </ClInclude>
    <ClInclude Include="ReturnNode.h">
      <Filter>Header Files</Filter>
    </ClInclude>
  </ItemGroup>
</Project>